
Microsoft Visual Studio Solution File, Format Version 12.00
# Visual Studio Version 16
VisualStudioVersion = 16.0.29728.190
MinimumVisualStudioVersion = 10.0.40219.1
Project("{FAE04EC0-301F-11D3-BF4B-00C04F79EFBC}") = "SzulokHangjaBE", "SzulokHangjaBE\SzulokHangjaBE.csproj", "{6AEE50ED-3514-4A99-A38E-F685C21AAD5D}"
EndProject
Global
	GlobalSection(SolutionConfigurationPlatforms) = preSolution
		Debug|Any CPU = Debug|Any CPU
		Release|Any CPU = Release|Any CPU
	EndGlobalSection
	GlobalSection(ProjectConfigurationPlatforms) = postSolution
		{6AEE50ED-3514-4A99-A38E-F685C21AAD5D}.Debug|Any CPU.ActiveCfg = Debug|Any CPU
		{6AEE50ED-3514-4A99-A38E-F685C21AAD5D}.Debug|Any CPU.Build.0 = Debug|Any CPU
		{6AEE50ED-3514-4A99-A38E-F685C21AAD5D}.Release|Any CPU.ActiveCfg = Release|Any CPU
		{6AEE50ED-3514-4A99-A38E-F685C21AAD5D}.Release|Any CPU.Build.0 = Release|Any CPU
	EndGlobalSection
	GlobalSection(SolutionProperties) = preSolution
		HideSolutionNode = FALSE
	EndGlobalSection
	GlobalSection(ExtensibilityGlobals) = postSolution
		SolutionGuid = {5BE0D156-7739-4F17-949B-1BB355CF7685}
	EndGlobalSection
EndGlobal
